// !$*UTF8*$!
{
	archiveVersion = 1;
	classes = {
	};
	objectVersion = 56;
	objects = {

/* Begin PBXBuildFile section */
		3B58ACD32C1EBF41008B1A3F /* AppDelegate.swift in Sources */ = {isa = PBXBuildFile; fileRef = 3B58ACD22C1EBF41008B1A3F /* AppDelegate.swift */; };
		3B58ACD52C1EBF41008B1A3F /* SceneDelegate.swift in Sources */ = {isa = PBXBuildFile; fileRef = 3B58ACD42C1EBF41008B1A3F /* SceneDelegate.swift */; };
		3B58ACD72C1EBF41008B1A3F /* MainViewController.swift in Sources */ = {isa = PBXBuildFile; fileRef = 3B58ACD62C1EBF41008B1A3F /* MainViewController.swift */; };
		3B58ACDC2C1EBF41008B1A3F /* Assets.xcassets in Resources */ = {isa = PBXBuildFile; fileRef = 3B58ACDB2C1EBF41008B1A3F /* Assets.xcassets */; };
		3B58ACDF2C1EBF41008B1A3F /* Base in Resources */ = {isa = PBXBuildFile; fileRef = 3B58ACDE2C1EBF41008B1A3F /* Base */; };
/* End PBXBuildFile section */

/* Begin PBXFileReference section */
		3B58ACCF2C1EBF41008B1A3F /* MVCProjectWithGitAPI.app */ = {isa = PBXFileReference; explicitFileType = wrapper.application; includeInIndex = 0; path = MVCProjectWithGitAPI.app; sourceTree = BUILT_PRODUCTS_DIR; };
		3B58ACD22C1EBF41008B1A3F /* AppDelegate.swift */ = {isa = PBXFileReference; lastKnownFileType = sourcecode.swift; path = AppDelegate.swift; sourceTree = "<group>"; };
		3B58ACD42C1EBF41008B1A3F /* SceneDelegate.swift */ = {isa = PBXFileReference; lastKnownFileType = sourcecode.swift; path = SceneDelegate.swift; sourceTree = "<group>"; };
		3B58ACD62C1EBF41008B1A3F /* MainViewController.swift */ = {isa = PBXFileReference; lastKnownFileType = sourcecode.swift; path = MainViewController.swift; sourceTree = "<group>"; };
		3B58ACDB2C1EBF41008B1A3F /* Assets.xcassets */ = {isa = PBXFileReference; lastKnownFileType = folder.assetcatalog; path = Assets.xcassets; sourceTree = "<group>"; };
		3B58ACDE2C1EBF41008B1A3F /* Base */ = {isa = PBXFileReference; lastKnownFileType = file.storyboard; name = Base; path = Base.lproj/LaunchScreen.storyboard; sourceTree = "<group>"; };
		3B58ACE02C1EBF41008B1A3F /* Info.plist */ = {isa = PBXFileReference; lastKnownFileType = text.plist.xml; path = Info.plist; sourceTree = "<group>"; };
/* End PBXFileReference section */

/* Begin PBXFrameworksBuildPhase section */
		3B58ACCC2C1EBF41008B1A3F /* Frameworks */ = {
			isa = PBXFrameworksBuildPhase;
			buildActionMask = 2147483647;
			files = (
			);
			runOnlyForDeploymentPostprocessing = 0;
		};
/* End PBXFrameworksBuildPhase section */

/* Begin PBXGroup section */
		3B58ACC62C1EBF41008B1A3F = {
			isa = PBXGroup;
			children = (
				3B58ACD12C1EBF41008B1A3F /* MVCProjectWithGitAPI */,
				3B58ACD02C1EBF41008B1A3F /* Products */,
			);
			sourceTree = "<group>";
		};
		3B58ACD02C1EBF41008B1A3F /* Products */ = {
			isa = PBXGroup;
			children = (
				3B58ACCF2C1EBF41008B1A3F /* MVCProjectWithGitAPI.app */,
			);
			name = Products;
			sourceTree = "<group>";
		};
		3B58ACD12C1EBF41008B1A3F /* MVCProjectWithGitAPI */ = {
			isa = PBXGroup;
			children = (
				3BE3AB272C1EE6E000A5C6A3 /* Apps */,
				3BE3AB2A2C1EE6FB00A5C6A3 /* Controllers */,
				3BE3AB282C1EE6EA00A5C6A3 /* Models */,
				3BE3AB2B2C1EE7BC00A5C6A3 /* Utils */,
				3BE3AB292C1EE6F100A5C6A3 /* Views */,
				3B58ACDB2C1EBF41008B1A3F /* Assets.xcassets */,
				3B58ACE02C1EBF41008B1A3F /* Info.plist */,
			);
			path = MVCProjectWithGitAPI;
			sourceTree = "<group>";
		};
		3BE3AB272C1EE6E000A5C6A3 /* Apps */ = {
			isa = PBXGroup;
			children = (
				3B58ACD22C1EBF41008B1A3F /* AppDelegate.swift */,
				3B58ACD42C1EBF41008B1A3F /* SceneDelegate.swift */,
			);
			path = Apps;
			sourceTree = "<group>";
		};
		3BE3AB282C1EE6EA00A5C6A3 /* Models */ = {
			isa = PBXGroup;
			children = (
			);
			path = Models;
			sourceTree = "<group>";
		};
		3BE3AB292C1EE6F100A5C6A3 /* Views */ = {
			isa = PBXGroup;
			children = (
				3B58ACDD2C1EBF41008B1A3F /* LaunchScreen.storyboard */,
			);
			path = Views;
			sourceTree = "<group>";
		};
		3BE3AB2A2C1EE6FB00A5C6A3 /* Controllers */ = {
			isa = PBXGroup;
			children = (
				3B58ACD62C1EBF41008B1A3F /* MainViewController.swift */,
			);
			path = Controllers;
			sourceTree = "<group>";
		};
		3BE3AB2B2C1EE7BC00A5C6A3 /* Utils */ = {
			isa = PBXGroup;
			children = (
			);
			path = Utils;
			sourceTree = "<group>";
		};
/* End PBXGroup section */

/* Begin PBXNativeTarget section */
		3B58ACCE2C1EBF41008B1A3F /* MVCProjectWithGitAPI */ = {
			isa = PBXNativeTarget;
			buildConfigurationList = 3B58ACE32C1EBF41008B1A3F /* Build configuration list for PBXNativeTarget "MVCProjectWithGitAPI" */;
			buildPhases = (
				3B58ACCB2C1EBF41008B1A3F /* Sources */,
				3B58ACCC2C1EBF41008B1A3F /* Frameworks */,
				3B58ACCD2C1EBF41008B1A3F /* Resources */,
			);
			buildRules = (
			);
			dependencies = (
			);
			name = MVCProjectWithGitAPI;
			productName = MVCProjectWithGitAPI;
			productReference = 3B58ACCF2C1EBF41008B1A3F /* MVCProjectWithGitAPI.app */;
			productType = "com.apple.product-type.application";
		};
/* End PBXNativeTarget section */

/* Begin PBXProject section */
		3B58ACC72C1EBF41008B1A3F /* Project object */ = {
			isa = PBXProject;
			attributes = {
				BuildIndependentTargetsInParallel = 1;
				LastSwiftUpdateCheck = 1530;
				LastUpgradeCheck = 1530;
				TargetAttributes = {
					3B58ACCE2C1EBF41008B1A3F = {
						CreatedOnToolsVersion = 15.3;
					};
				};
			};
			buildConfigurationList = 3B58ACCA2C1EBF41008B1A3F /* Build configuration list for PBXProject "MVCProjectWithGitAPI" */;
			compatibilityVersion = "Xcode 14.0";
			developmentRegion = en;
			hasScannedForEncodings = 0;
			knownRegions = (
				en,
				Base,
			);
			mainGroup = 3B58ACC62C1EBF41008B1A3F;
			productRefGroup = 3B58ACD02C1EBF41008B1A3F /* Products */;
			projectDirPath = "";
			projectRoot = "";
			targets = (
				3B58ACCE2C1EBF41008B1A3F /* MVCProjectWithGitAPI */,
			);
		};
/* End PBXProject section */

/* Begin PBXResourcesBuildPhase section */
		3B58ACCD2C1EBF41008B1A3F /* Resources */ = {
			isa = PBXResourcesBuildPhase;
			buildActionMask = 2147483647;
			files = (
				3B58ACDC2C1EBF41008B1A3F /* Assets.xcassets in Resources */,
				3B58ACDF2C1EBF41008B1A3F /* Base in Resources */,
			);
			runOnlyForDeploymentPostprocessing = 0;
		};
/* End PBXResourcesBuildPhase section */

/* Begin PBXSourcesBuildPhase section */
		3B58ACCB2C1EBF41008B1A3F /* Sources */ = {
			isa = PBXSourcesBuildPhase;
			buildActionMask = 2147483647;
			files = (
				3B58ACD72C1EBF41008B1A3F /* MainViewController.swift in Sources */,
				3B58ACD32C1EBF41008B1A3F /* AppDelegate.swift in Sources */,
				3B58ACD52C1EBF41008B1A3F /* SceneDelegate.swift in Sources */,
			);
			runOnlyForDeploymentPostprocessing = 0;
		};
/* End PBXSourcesBuildPhase section */

/* Begin PBXVariantGroup section */
		3B58ACDD2C1EBF41008B1A3F /* LaunchScreen.storyboard */ = {
			isa = PBXVariantGroup;
			children = (
				3B58ACDE2C1EBF41008B1A3F /* Base */,
			);
			name = LaunchScreen.storyboard;
			sourceTree = "<group>";
		};
/* End PBXVariantGroup section */

/* Begin XCBuildConfiguration section */
		3B58ACE12C1EBF41008B1A3F /* Debug */ = {
			isa = XCBuildConfiguration;
			buildSettings = {
				ALWAYS_SEARCH_USER_PATHS = NO;
				ASSETCATALOG_COMPILER_GENERATE_SWIFT_ASSET_SYMBOL_EXTENSIONS = YES;
				CLANG_ANALYZER_NONNULL = YES;
				CLANG_ANALYZER_NUMBER_OBJECT_CONVERSION = YES_AGGRESSIVE;
				CLANG_CXX_LANGUAGE_STANDARD = "gnu++20";
				CLANG_ENABLE_MODULES = YES;
				CLANG_ENABLE_OBJC_ARC = YES;
				CLANG_ENABLE_OBJC_WEAK = YES;
				CLANG_WARN_BLOCK_CAPTURE_AUTORELEASING = YES;
				CLANG_WARN_BOOL_CONVERSION = YES;
				CLANG_WARN_COMMA = YES;
				CLANG_WARN_CONSTANT_CONVERSION = YES;
				CLANG_WARN_DEPRECATED_OBJC_IMPLEMENTATIONS = YES;
				CLANG_WARN_DIRECT_OBJC_ISA_USAGE = YES_ERROR;
				CLANG_WARN_DOCUMENTATION_COMMENTS = YES;
				CLANG_WARN_EMPTY_BODY = YES;
				CLANG_WARN_ENUM_CONVERSION = YES;
				CLANG_WARN_INFINITE_RECURSION = YES;
				CLANG_WARN_INT_CONVERSION = YES;
				CLANG_WARN_NON_LITERAL_NULL_CONVERSION = YES;
				CLANG_WARN_OBJC_IMPLICIT_RETAIN_SELF = YES;
				CLANG_WARN_OBJC_LITERAL_CONVERSION = YES;
				CLANG_WARN_OBJC_ROOT_CLASS = YES_ERROR;
				CLANG_WARN_QUOTED_INCLUDE_IN_FRAMEWORK_HEADER = YES;
				CLANG_WARN_RANGE_LOOP_ANALYSIS = YES;
				CLANG_WARN_STRICT_PROTOTYPES = YES;
				CLANG_WARN_SUSPICIOUS_MOVE = YES;
				CLANG_WARN_UNGUARDED_AVAILABILITY = YES_AGGRESSIVE;
				CLANG_WARN_UNREACHABLE_CODE = YES;
				CLANG_WARN__DUPLICATE_METHOD_MATCH = YES;
				COPY_PHASE_STRIP = NO;
				DEBUG_INFORMATION_FORMAT = dwarf;
				ENABLE_STRICT_OBJC_MSGSEND = YES;
				ENABLE_TESTABILITY = YES;
				ENABLE_USER_SCRIPT_SANDBOXING = YES;
				GCC_C_LANGUAGE_STANDARD = gnu17;
				GCC_DYNAMIC_NO_PIC = NO;
				GCC_NO_COMMON_BLOCKS = YES;
				GCC_OPTIMIZATION_LEVEL = 0;
				GCC_PREPROCESSOR_DEFINITIONS = (
					"DEBUG=1",
					"$(inherited)",
				);
				GCC_WARN_64_TO_32_BIT_CONVERSION = YES;
				GCC_WARN_ABOUT_RETURN_TYPE = YES_ERROR;
				GCC_WARN_UNDECLARED_SELECTOR = YES;
				GCC_WARN_UNINITIALIZED_AUTOS = YES_AGGRESSIVE;
				GCC_WARN_UNUSED_FUNCTION = YES;
				GCC_WARN_UNUSED_VARIABLE = YES;
				IPHONEOS_DEPLOYMENT_TARGET = 17.4;
				LOCALIZATION_PREFERS_STRING_CATALOGS = YES;
				MTL_ENABLE_DEBUG_INFO = INCLUDE_SOURCE;
				MTL_FAST_MATH = YES;
				ONLY_ACTIVE_ARCH = YES;
				SDKROOT = iphoneos;
				SWIFT_ACTIVE_COMPILATION_CONDITIONS = "DEBUG $(inherited)";
				SWIFT_OPTIMIZATION_LEVEL = "-Onone";
			};
			name = Debug;
		};
		3B58ACE22C1EBF41008B1A3F /* Release */ = {
			isa = XCBuildConfiguration;
			buildSettings = {
				ALWAYS_SEARCH_USER_PATHS = NO;
				ASSETCATALOG_COMPILER_GENERATE_SWIFT_ASSET_SYMBOL_EXTENSIONS = YES;
				CLANG_ANALYZER_NONNULL = YES;
				CLANG_ANALYZER_NUMBER_OBJECT_CONVERSION = YES_AGGRESSIVE;
				CLANG_CXX_LANGUAGE_STANDARD = "gnu++20";
				CLANG_ENABLE_MODULES = YES;
				CLANG_ENABLE_OBJC_ARC = YES;
				CLANG_ENABLE_OBJC_WEAK = YES;
				CLANG_WARN_BLOCK_CAPTURE_AUTORELEASING = YES;
				CLANG_WARN_BOOL_CONVERSION = YES;
				CLANG_WARN_COMMA = YES;
				CLANG_WARN_CONSTANT_CONVERSION = YES;
				CLANG_WARN_DEPRECATED_OBJC_IMPLEMENTATIONS = YES;
				CLANG_WARN_DIRECT_OBJC_ISA_USAGE = YES_ERROR;
				CLANG_WARN_DOCUMENTATION_COMMENTS = YES;
				CLANG_WARN_EMPTY_BODY = YES;
				CLANG_WARN_ENUM_CONVERSION = YES;
				CLANG_WARN_INFINITE_RECURSION = YES;
				CLANG_WARN_INT_CONVERSION = YES;
				CLANG_WARN_NON_LITERAL_NULL_CONVERSION = YES;
				CLANG_WARN_OBJC_IMPLICIT_RETAIN_SELF = YES;
				CLANG_WARN_OBJC_LITERAL_CONVERSION = YES;
				CLANG_WARN_OBJC_ROOT_CLASS = YES_ERROR;
				CLANG_WARN_QUOTED_INCLUDE_IN_FRAMEWORK_HEADER = YES;
				CLANG_WARN_RANGE_LOOP_ANALYSIS = YES;
				CLANG_WARN_STRICT_PROTOTYPES = YES;
				CLANG_WARN_SUSPICIOUS_MOVE = YES;
				CLANG_WARN_UNGUARDED_AVAILABILITY = YES_AGGRESSIVE;
				CLANG_WARN_UNREACHABLE_CODE = YES;
				CLANG_WARN__DUPLICATE_METHOD_MATCH = YES;
				COPY_PHASE_STRIP = NO;
				DEBUG_INFORMATION_FORMAT = "dwarf-with-dsym";
				ENABLE_NS_ASSERTIONS = NO;
				ENABLE_STRICT_OBJC_MSGSEND = YES;
				ENABLE_USER_SCRIPT_SANDBOXING = YES;
				GCC_C_LANGUAGE_STANDARD = gnu17;
				GCC_NO_COMMON_BLOCKS = YES;
				GCC_WARN_64_TO_32_BIT_CONVERSION = YES;
				GCC_WARN_ABOUT_RETURN_TYPE = YES_ERROR;
				GCC_WARN_UNDECLARED_SELECTOR = YES;
				GCC_WARN_UNINITIALIZED_AUTOS = YES_AGGRESSIVE;
				GCC_WARN_UNUSED_FUNCTION = YES;
				GCC_WARN_UNUSED_VARIABLE = YES;
				IPHONEOS_DEPLOYMENT_TARGET = 17.4;
				LOCALIZATION_PREFERS_STRING_CATALOGS = YES;
				MTL_ENABLE_DEBUG_INFO = NO;
				MTL_FAST_MATH = YES;
				SDKROOT = iphoneos;
				SWIFT_COMPILATION_MODE = wholemodule;
				VALIDATE_PRODUCT = YES;
			};
			name = Release;
		};
		3B58ACE42C1EBF41008B1A3F /* Debug */ = {
			isa = XCBuildConfiguration;
			buildSettings = {
				ASSETCATALOG_COMPILER_APPICON_NAME = AppIcon;
				ASSETCATALOG_COMPILER_GLOBAL_ACCENT_COLOR_NAME = AccentColor;
				CODE_SIGN_STYLE = Automatic;
				CURRENT_PROJECT_VERSION = 1;
				DEVELOPMENT_TEAM = XUZ4CWYRGJ;
				GENERATE_INFOPLIST_FILE = YES;
				INFOPLIST_FILE = MVCProjectWithGitAPI/Info.plist;
				INFOPLIST_KEY_UIApplicationSupportsIndirectInputEvents = YES;
				INFOPLIST_KEY_UILaunchStoryboardName = LaunchScreen;
				INFOPLIST_KEY_UISupportedInterfaceOrientations_iPad = "UIInterfaceOrientationPortrait UIInterfaceOrientationPortraitUpsideDown UIInterfaceOrientationLandscapeLeft UIInterfaceOrientationLandscapeRight";
				INFOPLIST_KEY_UISupportedInterfaceOrientations_iPhone = "UIInterfaceOrientationPortrait UIInterfaceOrientationLandscapeLeft UIInterfaceOrientationLandscapeRight";
				LD_RUNPATH_SEARCH_PATHS = (
					"$(inherited)",
					"@executable_path/Frameworks",
				);
				MARKETING_VERSION = 1.0;
				PRODUCT_BUNDLE_IDENTIFIER = com.Healthy.MVCProjectWithGitAPI;
				PRODUCT_NAME = "$(TARGET_NAME)";
				SWIFT_EMIT_LOC_STRINGS = YES;
				SWIFT_VERSION = 5.0;
				TARGETED_DEVICE_FAMILY = "1,2";
			};
			name = Debug;
		};
		3B58ACE52C1EBF41008B1A3F /* Release */ = {
			isa = XCBuildConfiguration;
			buildSettings = {
				ASSETCATALOG_COMPILER_APPICON_NAME = AppIcon;
				ASSETCATALOG_COMPILER_GLOBAL_ACCENT_COLOR_NAME = AccentColor;
				CODE_SIGN_STYLE = Automatic;
				CURRENT_PROJECT_VERSION = 1;
				DEVELOPMENT_TEAM = XUZ4CWYRGJ;
				GENERATE_INFOPLIST_FILE = YES;
				INFOPLIST_FILE = MVCProjectWithGitAPI/Info.plist;
				INFOPLIST_KEY_UIApplicationSupportsIndirectInputEvents = YES;
				INFOPLIST_KEY_UILaunchStoryboardName = LaunchScreen;
				INFOPLIST_KEY_UISupportedInterfaceOrientations_iPad = "UIInterfaceOrientationPortrait UIInterfaceOrientationPortraitUpsideDown UIInterfaceOrientationLandscapeLeft UIInterfaceOrientationLandscapeRight";
				INFOPLIST_KEY_UISupportedInterfaceOrientations_iPhone = "UIInterfaceOrientationPortrait UIInterfaceOrientationLandscapeLeft UIInterfaceOrientationLandscapeRight";
				LD_RUNPATH_SEARCH_PATHS = (
					"$(inherited)",
					"@executable_path/Frameworks",
				);
				MARKETING_VERSION = 1.0;
				PRODUCT_BUNDLE_IDENTIFIER = com.Healthy.MVCProjectWithGitAPI;
				PRODUCT_NAME = "$(TARGET_NAME)";
				SWIFT_EMIT_LOC_STRINGS = YES;
				SWIFT_VERSION = 5.0;
				TARGETED_DEVICE_FAMILY = "1,2";
			};
			name = Release;
		};
/* End XCBuildConfiguration section */

/* Begin XCConfigurationList section */
		3B58ACCA2C1EBF41008B1A3F /* Build configuration list for PBXProject "MVCProjectWithGitAPI" */ = {
			isa = XCConfigurationList;
			buildConfigurations = (
				3B58ACE12C1EBF41008B1A3F /* Debug */,
				3B58ACE22C1EBF41008B1A3F /* Release */,
			);
			defaultConfigurationIsVisible = 0;
			defaultConfigurationName = Release;
		};
		3B58ACE32C1EBF41008B1A3F /* Build configuration list for PBXNativeTarget "MVCProjectWithGitAPI" */ = {
			isa = XCConfigurationList;
			buildConfigurations = (
				3B58ACE42C1EBF41008B1A3F /* Debug */,
				3B58ACE52C1EBF41008B1A3F /* Release */,
			);
			defaultConfigurationIsVisible = 0;
			defaultConfigurationName = Release;
		};
/* End XCConfigurationList section */
	};
	rootObject = 3B58ACC72C1EBF41008B1A3F /* Project object */;
}
